
Microsoft Visual Studio Solution File, Format Version 11.00
# Visual Studio 2010
Project("{FAE04EC0-301F-11D3-BF4B-00C04F79EFBC}") = "Publisher", "Publisher\Publisher.csproj", "{D015AB5F-1724-4B58-8314-362041F3AA65}"
EndProject
Global
	GlobalSection(SolutionConfigurationPlatforms) = preSolution
		Debug|Any CPU = Debug|Any CPU
		Release|Any CPU = Release|Any CPU
	EndGlobalSection
	GlobalSection(ProjectConfigurationPlatforms) = postSolution
		{D015AB5F-1724-4B58-8314-362041F3AA65}.Debug|Any CPU.ActiveCfg = Debug|Any CPU
		{D015AB5F-1724-4B58-8314-362041F3AA65}.Debug|Any CPU.Build.0 = Debug|Any CPU
		{D015AB5F-1724-4B58-8314-362041F3AA65}.Release|Any CPU.ActiveCfg = Release|Any CPU
		{D015AB5F-1724-4B58-8314-362041F3AA65}.Release|Any CPU.Build.0 = Release|Any CPU
	EndGlobalSection
	GlobalSection(SolutionProperties) = preSolution
		HideSolutionNode = FALSE
	EndGlobalSection
EndGlobal
