
Microsoft Visual Studio Solution File, Format Version 11.00
# Visual Studio 2010
Project("{FAE04EC0-301F-11D3-BF4B-00C04F79EFBC}") = "Publisher.Web", "Publisher.Web\Publisher.Web.csproj", "{D015AB5F-1724-4B58-8314-362041F3AA65}"
EndProject
Project("{FAE04EC0-301F-11D3-BF4B-00C04F79EFBC}") = "Publisher.Domain", "Publisher.Domain\Publisher.Domain.csproj", "{F77E46DE-25A8-4626-8304-F510D3D6E3B1}"
EndProject
Project("{FAE04EC0-301F-11D3-BF4B-00C04F79EFBC}") = "Messages", "Messages\Messages.csproj", "{08CEEEA1-D6C9-40BF-8ED6-814A5F7053B9}"
EndProject
Project("{FAE04EC0-301F-11D3-BF4B-00C04F79EFBC}") = "Subscriber.MultipleConsumer1", "Subscriber.UpdateEmployee\Subscriber.MultipleConsumer1.csproj", "{963A1248-D025-4CDF-8696-9413BC262D4A}"
EndProject
Project("{FAE04EC0-301F-11D3-BF4B-00C04F79EFBC}") = "Subscriber.MulitpleConsumer2", "Subscriber.UpdateEmployee2\Subscriber.MulitpleConsumer2.csproj", "{7353B393-DE06-4D16-BBAB-25C7F3AC3FF1}"
EndProject
Project("{FAE04EC0-301F-11D3-BF4B-00C04F79EFBC}") = "Subscriber.CompetingConsumer1", "Subscriber.CompetingConsumer1\Subscriber.CompetingConsumer1.csproj", "{F967538E-7462-4CC2-B998-BD25746FD555}"
EndProject
Project("{FAE04EC0-301F-11D3-BF4B-00C04F79EFBC}") = "Subscriber.CompetingConsumer2", "Subscriber.CompetingConsumer2\Subscriber.CompetingConsumer2.csproj", "{CB63C5C8-3BCF-4D15-BB32-F4DA0860E642}"
EndProject
Global
	GlobalSection(SolutionConfigurationPlatforms) = preSolution
		Debug|Any CPU = Debug|Any CPU
		Debug|Mixed Platforms = Debug|Mixed Platforms
		Debug|x86 = Debug|x86
		Release|Any CPU = Release|Any CPU
		Release|Mixed Platforms = Release|Mixed Platforms
		Release|x86 = Release|x86
	EndGlobalSection
	GlobalSection(ProjectConfigurationPlatforms) = postSolution
		{D015AB5F-1724-4B58-8314-362041F3AA65}.Debug|Any CPU.ActiveCfg = Debug|Any CPU
		{D015AB5F-1724-4B58-8314-362041F3AA65}.Debug|Any CPU.Build.0 = Debug|Any CPU
		{D015AB5F-1724-4B58-8314-362041F3AA65}.Debug|Mixed Platforms.ActiveCfg = Debug|Any CPU
		{D015AB5F-1724-4B58-8314-362041F3AA65}.Debug|Mixed Platforms.Build.0 = Debug|Any CPU
		{D015AB5F-1724-4B58-8314-362041F3AA65}.Debug|x86.ActiveCfg = Debug|Any CPU
		{D015AB5F-1724-4B58-8314-362041F3AA65}.Release|Any CPU.ActiveCfg = Release|Any CPU
		{D015AB5F-1724-4B58-8314-362041F3AA65}.Release|Any CPU.Build.0 = Release|Any CPU
		{D015AB5F-1724-4B58-8314-362041F3AA65}.Release|Mixed Platforms.ActiveCfg = Release|Any CPU
		{D015AB5F-1724-4B58-8314-362041F3AA65}.Release|Mixed Platforms.Build.0 = Release|Any CPU
		{D015AB5F-1724-4B58-8314-362041F3AA65}.Release|x86.ActiveCfg = Release|Any CPU
		{F77E46DE-25A8-4626-8304-F510D3D6E3B1}.Debug|Any CPU.ActiveCfg = Debug|Any CPU
		{F77E46DE-25A8-4626-8304-F510D3D6E3B1}.Debug|Any CPU.Build.0 = Debug|Any CPU
		{F77E46DE-25A8-4626-8304-F510D3D6E3B1}.Debug|Mixed Platforms.ActiveCfg = Debug|Any CPU
		{F77E46DE-25A8-4626-8304-F510D3D6E3B1}.Debug|Mixed Platforms.Build.0 = Debug|Any CPU
		{F77E46DE-25A8-4626-8304-F510D3D6E3B1}.Debug|x86.ActiveCfg = Debug|Any CPU
		{F77E46DE-25A8-4626-8304-F510D3D6E3B1}.Release|Any CPU.ActiveCfg = Release|Any CPU
		{F77E46DE-25A8-4626-8304-F510D3D6E3B1}.Release|Any CPU.Build.0 = Release|Any CPU
		{F77E46DE-25A8-4626-8304-F510D3D6E3B1}.Release|Mixed Platforms.ActiveCfg = Release|Any CPU
		{F77E46DE-25A8-4626-8304-F510D3D6E3B1}.Release|Mixed Platforms.Build.0 = Release|Any CPU
		{F77E46DE-25A8-4626-8304-F510D3D6E3B1}.Release|x86.ActiveCfg = Release|Any CPU
		{08CEEEA1-D6C9-40BF-8ED6-814A5F7053B9}.Debug|Any CPU.ActiveCfg = Debug|Any CPU
		{08CEEEA1-D6C9-40BF-8ED6-814A5F7053B9}.Debug|Any CPU.Build.0 = Debug|Any CPU
		{08CEEEA1-D6C9-40BF-8ED6-814A5F7053B9}.Debug|Mixed Platforms.ActiveCfg = Debug|Any CPU
		{08CEEEA1-D6C9-40BF-8ED6-814A5F7053B9}.Debug|Mixed Platforms.Build.0 = Debug|Any CPU
		{08CEEEA1-D6C9-40BF-8ED6-814A5F7053B9}.Debug|x86.ActiveCfg = Debug|Any CPU
		{08CEEEA1-D6C9-40BF-8ED6-814A5F7053B9}.Release|Any CPU.ActiveCfg = Release|Any CPU
		{08CEEEA1-D6C9-40BF-8ED6-814A5F7053B9}.Release|Any CPU.Build.0 = Release|Any CPU
		{08CEEEA1-D6C9-40BF-8ED6-814A5F7053B9}.Release|Mixed Platforms.ActiveCfg = Release|Any CPU
		{08CEEEA1-D6C9-40BF-8ED6-814A5F7053B9}.Release|Mixed Platforms.Build.0 = Release|Any CPU
		{08CEEEA1-D6C9-40BF-8ED6-814A5F7053B9}.Release|x86.ActiveCfg = Release|Any CPU
		{963A1248-D025-4CDF-8696-9413BC262D4A}.Debug|Any CPU.ActiveCfg = Debug|x86
		{963A1248-D025-4CDF-8696-9413BC262D4A}.Debug|Mixed Platforms.ActiveCfg = Debug|x86
		{963A1248-D025-4CDF-8696-9413BC262D4A}.Debug|Mixed Platforms.Build.0 = Debug|x86
		{963A1248-D025-4CDF-8696-9413BC262D4A}.Debug|x86.ActiveCfg = Debug|x86
		{963A1248-D025-4CDF-8696-9413BC262D4A}.Debug|x86.Build.0 = Debug|x86
		{963A1248-D025-4CDF-8696-9413BC262D4A}.Release|Any CPU.ActiveCfg = Release|x86
		{963A1248-D025-4CDF-8696-9413BC262D4A}.Release|Mixed Platforms.ActiveCfg = Release|x86
		{963A1248-D025-4CDF-8696-9413BC262D4A}.Release|Mixed Platforms.Build.0 = Release|x86
		{963A1248-D025-4CDF-8696-9413BC262D4A}.Release|x86.ActiveCfg = Release|x86
		{963A1248-D025-4CDF-8696-9413BC262D4A}.Release|x86.Build.0 = Release|x86
		{7353B393-DE06-4D16-BBAB-25C7F3AC3FF1}.Debug|Any CPU.ActiveCfg = Debug|x86
		{7353B393-DE06-4D16-BBAB-25C7F3AC3FF1}.Debug|Mixed Platforms.ActiveCfg = Debug|x86
		{7353B393-DE06-4D16-BBAB-25C7F3AC3FF1}.Debug|Mixed Platforms.Build.0 = Debug|x86
		{7353B393-DE06-4D16-BBAB-25C7F3AC3FF1}.Debug|x86.ActiveCfg = Debug|x86
		{7353B393-DE06-4D16-BBAB-25C7F3AC3FF1}.Debug|x86.Build.0 = Debug|x86
		{7353B393-DE06-4D16-BBAB-25C7F3AC3FF1}.Release|Any CPU.ActiveCfg = Release|x86
		{7353B393-DE06-4D16-BBAB-25C7F3AC3FF1}.Release|Mixed Platforms.ActiveCfg = Release|x86
		{7353B393-DE06-4D16-BBAB-25C7F3AC3FF1}.Release|Mixed Platforms.Build.0 = Release|x86
		{7353B393-DE06-4D16-BBAB-25C7F3AC3FF1}.Release|x86.ActiveCfg = Release|x86
		{7353B393-DE06-4D16-BBAB-25C7F3AC3FF1}.Release|x86.Build.0 = Release|x86
		{F967538E-7462-4CC2-B998-BD25746FD555}.Debug|Any CPU.ActiveCfg = Debug|x86
		{F967538E-7462-4CC2-B998-BD25746FD555}.Debug|Mixed Platforms.ActiveCfg = Debug|x86
		{F967538E-7462-4CC2-B998-BD25746FD555}.Debug|Mixed Platforms.Build.0 = Debug|x86
		{F967538E-7462-4CC2-B998-BD25746FD555}.Debug|x86.ActiveCfg = Debug|x86
		{F967538E-7462-4CC2-B998-BD25746FD555}.Debug|x86.Build.0 = Debug|x86
		{F967538E-7462-4CC2-B998-BD25746FD555}.Release|Any CPU.ActiveCfg = Release|x86
		{F967538E-7462-4CC2-B998-BD25746FD555}.Release|Mixed Platforms.ActiveCfg = Release|x86
		{F967538E-7462-4CC2-B998-BD25746FD555}.Release|Mixed Platforms.Build.0 = Release|x86
		{F967538E-7462-4CC2-B998-BD25746FD555}.Release|x86.ActiveCfg = Release|x86
		{F967538E-7462-4CC2-B998-BD25746FD555}.Release|x86.Build.0 = Release|x86
		{CB63C5C8-3BCF-4D15-BB32-F4DA0860E642}.Debug|Any CPU.ActiveCfg = Debug|x86
		{CB63C5C8-3BCF-4D15-BB32-F4DA0860E642}.Debug|Mixed Platforms.ActiveCfg = Debug|x86
		{CB63C5C8-3BCF-4D15-BB32-F4DA0860E642}.Debug|Mixed Platforms.Build.0 = Debug|x86
		{CB63C5C8-3BCF-4D15-BB32-F4DA0860E642}.Debug|x86.ActiveCfg = Debug|x86
		{CB63C5C8-3BCF-4D15-BB32-F4DA0860E642}.Debug|x86.Build.0 = Debug|x86
		{CB63C5C8-3BCF-4D15-BB32-F4DA0860E642}.Release|Any CPU.ActiveCfg = Release|x86
		{CB63C5C8-3BCF-4D15-BB32-F4DA0860E642}.Release|Mixed Platforms.ActiveCfg = Release|x86
		{CB63C5C8-3BCF-4D15-BB32-F4DA0860E642}.Release|Mixed Platforms.Build.0 = Release|x86
		{CB63C5C8-3BCF-4D15-BB32-F4DA0860E642}.Release|x86.ActiveCfg = Release|x86
		{CB63C5C8-3BCF-4D15-BB32-F4DA0860E642}.Release|x86.Build.0 = Release|x86
	EndGlobalSection
	GlobalSection(SolutionProperties) = preSolution
		HideSolutionNode = FALSE
	EndGlobalSection
EndGlobal
